
Microsoft Visual Studio Solution File, Format Version 12.00
# Visual Studio Version 16
VisualStudioVersion = 16.0.31205.134
MinimumVisualStudioVersion = 10.0.40219.1
Project("{FAE04EC0-301F-11D3-BF4B-00C04F79EFBC}") = "hieuthuoc", "hieuthuoc\hieuthuoc.csproj", "{BD621478-0643-48F5-AB72-AB6E96150100}"
EndProject
Global
	GlobalSection(SolutionConfigurationPlatforms) = preSolution
		Debug|Any CPU = Debug|Any CPU
		Release|Any CPU = Release|Any CPU
	EndGlobalSection
	GlobalSection(ProjectConfigurationPlatforms) = postSolution
		{BD621478-0643-48F5-AB72-AB6E96150100}.Debug|Any CPU.ActiveCfg = Debug|Any CPU
		{BD621478-0643-48F5-AB72-AB6E96150100}.Debug|Any CPU.Build.0 = Debug|Any CPU
		{BD621478-0643-48F5-AB72-AB6E96150100}.Release|Any CPU.ActiveCfg = Release|Any CPU
		{BD621478-0643-48F5-AB72-AB6E96150100}.Release|Any CPU.Build.0 = Release|Any CPU
	EndGlobalSection
	GlobalSection(SolutionProperties) = preSolution
		HideSolutionNode = FALSE
	EndGlobalSection
	GlobalSection(ExtensibilityGlobals) = postSolution
		SolutionGuid = {69844D51-E54D-4BF0-AAD0-BE73DCA99E6C}
	EndGlobalSection
EndGlobal
